{
  "requires": true,
  "lockfileVersion": 1,
  "dependencies": {
    "pyright": {
      "version": "1.0.3",
      "resolved": "https://registry.npmjs.org/pyright/-/pyright-1.0.3.tgz",
      "integrity": "sha512-4HMRuWXH/bSiCgzcBeWz0yRr4uqV7CZya+n3kvTpnvf9ceRuY91/j8oQgCVYcKoXzR7dijQwW3RQCrwJeXenXQ=="
    }
  }
}
